{
  "name": "sergek-autotest",
  "version": "1.0.0",
  "lockfileVersion": 1,
  "requires": true,
  "dependencies": {
    "@playwright/test": {
      "version": "1.22.1",
      "resolved": "https://registry.npmjs.org/@playwright/test/-/test-1.22.1.tgz",
      "integrity": "sha512-8ouMBUboYslHom41W8bnSEn0TwlAMHhCACwOZeuiAgzukj7KobpZ+UBwrGE0jJ0UblJbKAQNRHXL+z7sDSkb6g==",
      "dev": true,
      "requires": {
        "playwright-core": "1.22.1"
      }
    },
    "@types/node": {
      "version": "15.14.9",
      "resolved": "https://registry.npmjs.org/@types/node/-/node-15.14.9.tgz",
      "integrity": "sha512-qjd88DrCxupx/kJD5yQgZdcYKZKSIGBVDIBE1/LTGcNm3d2Np/jxojkdePDdfnBHJc5W7vSMpbJ1aB7p/Py69A==",
      "dev": true
    },
    "allure-commandline": {
      "version": "2.17.2",
      "resolved": "https://registry.npmjs.org/allure-commandline/-/allure-commandline-2.17.2.tgz",
      "integrity": "sha512-2a0M0nX1KtVrg4y0rWEFn/OQkv7AaQSMBOEtlKfQl3heZoTEo0IdB08Uk5vU390+qPsEv3EO5igjyCrS0gX+FQ==",
      "dev": true
    },
    "allure-js-commons": {
      "version": "2.0.0-beta.16",
      "resolved": "https://registry.npmjs.org/allure-js-commons/-/allure-js-commons-2.0.0-beta.16.tgz",
      "integrity": "sha512-biAFm8FugPMA0THZpsWLdi+F8n1BeUTYkkpmQ4ZqUAKeg2xcw5arM0Qa4rq6Qs0HPLbdVS9Jj8fb7e/ahCr/Ig==",
      "dev": true,
      "requires": {
        "mkdirp": "^1.0.4",
        "properties": "^1.2.1",
        "uuid": "^8.3.0"
      },
      "dependencies": {
        "uuid": {
          "version": "8.3.2",
          "resolved": "https://registry.npmjs.org/uuid/-/uuid-8.3.2.tgz",
          "integrity": "sha512-+NYs2QeMWy+GWFOEm9xnn6HCDp0l7QBD7ml8zLUmJ+93Q5NF0NocErnwkTkXVFNiX3/fpC6afS8Dhb/gz7R7eg==",
          "dev": true
        }
      }
    },
    "allure-playwright": {
      "version": "2.0.0-beta.16",
      "resolved": "https://registry.npmjs.org/allure-playwright/-/allure-playwright-2.0.0-beta.16.tgz",
      "integrity": "sha512-0Nj2BLIIRFUCZn7CGSXYa7d1M+phmSzUwMD3fbHVxO+q10vNrY8Hf5IT2ITwWMtUHaTAE6uH58GPsa6DB9N3Xw==",
      "dev": true,
      "requires": {
        "allure-js-commons": "2.0.0-beta.16"
      }
    },
    "authenticator": {
      "version": "1.1.5",
      "resolved": "https://registry.npmjs.org/authenticator/-/authenticator-1.1.5.tgz",
      "integrity": "sha512-eaT0Trfxka28DkljLQDxuoSn9uDTaYIoXhZMsAw3Z54fNC7BMIsvIxfG6Y5s+y02CH59IIyY3p1EOMqeIpljWQ==",
      "requires": {
        "authenticator-cli": "^1.0.5",
        "notp": "^2.0.3",
        "thirty-two": "0.0.2"
      },
      "dependencies": {
        "authenticator-cli": {
          "version": "1.0.5",
          "resolved": "https://registry.npmjs.org/authenticator-cli/-/authenticator-cli-1.0.5.tgz",
          "integrity": "sha512-8FjXzLnytd93zE9IxtOr7/uptlxGBjQhWw6qEjPPLhfq1TqrUpaBEhPYOErtHWIPuveAgzHHEBgp2bh6GdQ6Ew==",
          "requires": {
            "authenticator": "^1.1.0",
            "cli": "^1.0.1",
            "qrcode-terminal": "^0.12.0"
          }
        }
      }
    },
    "aws-sdk": {
      "version": "2.1136.0",
      "resolved": "https://registry.npmjs.org/aws-sdk/-/aws-sdk-2.1136.0.tgz",
      "integrity": "sha512-cuXPB1lNoiK/oNTAN+Bud2Pp8/PvY7erL2DYPVN2zsk2nh9e8VG3yldf6KcEO6mm4q/FgZc4X6Zq+fOyuBY/wA==",
      "requires": {
        "buffer": "4.9.2",
        "events": "1.1.1",
        "ieee754": "1.1.13",
        "jmespath": "0.16.0",
        "querystring": "0.2.0",
        "sax": "1.2.1",
        "url": "0.10.3",
        "uuid": "3.3.2",
        "xml2js": "0.4.19"
      },
      "dependencies": {
        "uuid": {
          "version": "3.3.2",
          "resolved": "https://registry.npmjs.org/uuid/-/uuid-3.3.2.tgz",
          "integrity": "sha512-yXJmeNaw3DnnKAOKJE51sL/ZaYfWJRl1pK9dr19YFCu0ObS231AB1/LbqTKRAQ5kw8A90rA6fr4riOUpTZvQZA=="
        }
      }
    },
    "balanced-match": {
      "version": "1.0.2",
      "resolved": "https://registry.npmjs.org/balanced-match/-/balanced-match-1.0.2.tgz",
      "integrity": "sha512-3oSeUO0TMV67hN1AmbXsK4yaqU7tjiHlbxRDZOpH0KW9+CeX4bRAaX0Anxt0tx2MrpRpWwQaPwIlISEJhYU5Pw=="
    },
    "base64-js": {
      "version": "1.5.1",
      "resolved": "https://registry.npmjs.org/base64-js/-/base64-js-1.5.1.tgz",
      "integrity": "sha512-AKpaYlHn8t4SVbOHCy+b5+KKgvR4vrsD8vbvrbiQJps7fKDTkjkDry6ji0rUJjC0kzbNePLwzxq8iypo41qeWA=="
    },
    "brace-expansion": {
      "version": "1.1.11",
      "resolved": "https://registry.npmjs.org/brace-expansion/-/brace-expansion-1.1.11.tgz",
      "integrity": "sha512-iCuPHDFgrHX7H2vEI/5xpz07zSHB00TpugqhmYtVmMO6518mCuRMoOYFldEBl0g187ufozdaHgWKcYFb61qGiA==",
      "requires": {
        "balanced-match": "^1.0.0",
        "concat-map": "0.0.1"
      }
    },
    "buffer": {
      "version": "4.9.2",
      "resolved": "https://registry.npmjs.org/buffer/-/buffer-4.9.2.tgz",
      "integrity": "sha512-xq+q3SRMOxGivLhBNaUdC64hDTQwejJ+H0T/NB1XMtTVEwNTrfFF3gAxiyW0Bu/xWEGhjVKgUcMhCrUy2+uCWg==",
      "requires": {
        "base64-js": "^1.0.2",
        "ieee754": "^1.1.4",
        "isarray": "^1.0.0"
      }
    },
    "cli": {
      "version": "1.0.1",
      "resolved": "https://registry.npmjs.org/cli/-/cli-1.0.1.tgz",
      "integrity": "sha512-41U72MB56TfUMGndAKK8vJ78eooOD4Z5NOL4xEfjc0c23s+6EYKXlXsmACBVclLP1yOfWCgEganVzddVrSNoTg==",
      "requires": {
        "exit": "0.1.2",
        "glob": "^7.1.1"
      }
    },
    "concat-map": {
      "version": "0.0.1",
      "resolved": "https://registry.npmjs.org/concat-map/-/concat-map-0.0.1.tgz",
      "integrity": "sha512-/Srv4dswyQNBfohGpz9o6Yb3Gz3SrUDqBH5rTuhGR7ahtlbYKnVxw2bCFMRljaA7EXHaXZ8wsHdodFvbkhKmqg=="
    },
    "events": {
      "version": "1.1.1",
      "resolved": "https://registry.npmjs.org/events/-/events-1.1.1.tgz",
      "integrity": "sha1-nr23Y1rQmccNzEwqH1AEKI6L2SQ="
    },
    "exit": {
      "version": "0.1.2",
      "resolved": "https://registry.npmjs.org/exit/-/exit-0.1.2.tgz",
      "integrity": "sha512-Zk/eNKV2zbjpKzrsQ+n1G6poVbErQxJ0LBOJXaKZ1EViLzH+hrLu9cdXI4zw9dBQJslwBEpbQ2P1oS7nDxs6jQ=="
    },
    "experimental-allure-js-commons": {
      "version": "0.0.1",
      "resolved": "https://registry.npmjs.org/experimental-allure-js-commons/-/experimental-allure-js-commons-0.0.1.tgz",
      "integrity": "sha512-/cduBI0j/Vj4+NyriSu4yHPetuXxOvg2xH10VAs2w9l0P917qKWhRO58gZrn6aXZBDalrmjAQXiqYNz2odNxOg==",
      "dev": true,
      "requires": {
        "mkdirp": "^1.0.4",
        "properties": "^1.2.1",
        "uuid": "^8.3.0"
      },
      "dependencies": {
        "uuid": {
          "version": "8.3.2",
          "resolved": "https://registry.npmjs.org/uuid/-/uuid-8.3.2.tgz",
          "integrity": "sha512-+NYs2QeMWy+GWFOEm9xnn6HCDp0l7QBD7ml8zLUmJ+93Q5NF0NocErnwkTkXVFNiX3/fpC6afS8Dhb/gz7R7eg==",
          "dev": true
        }
      }
    },
    "experimental-allure-playwright": {
      "version": "0.0.3",
      "resolved": "https://registry.npmjs.org/experimental-allure-playwright/-/experimental-allure-playwright-0.0.3.tgz",
      "integrity": "sha512-SLLy5ipeAGRR/z4ZB0IXI8DZnYovoBfFwYV8ChrBbQsaAQJw9ZBCuMIkUHELd/dms+xakxWi6vKOAHEz7DcOvw==",
      "dev": true,
      "requires": {
        "@types/node": "^15.14.1",
        "experimental-allure-js-commons": "=0.0.1"
      }
    },
    "faker": {
      "version": "5.5.3",
      "resolved": "https://registry.npmjs.org/faker/-/faker-5.5.3.tgz",
      "integrity": "sha512-wLTv2a28wjUyWkbnX7u/ABZBkUkIF2fCd73V6P2oFqEGEktDfzWx4UxrSqtPRw0xPRAcjeAOIiJWqZm3pP4u3g==",
      "dev": true
    },
    "fs.realpath": {
      "version": "1.0.0",
      "resolved": "https://registry.npmjs.org/fs.realpath/-/fs.realpath-1.0.0.tgz",
      "integrity": "sha512-OO0pH2lK6a0hZnAdau5ItzHPI6pUlvI7jMVnxUQRtw4owF2wk8lOSabtGDCTP4Ggrg2MbGnWO9X8K1t4+fGMDw=="
    },
    "glob": {
      "version": "7.2.3",
      "resolved": "https://registry.npmjs.org/glob/-/glob-7.2.3.tgz",
      "integrity": "sha512-nFR0zLpU2YCaRxwoCJvL6UvCH2JFyFVIvwTLsIf21AuHlMskA1hhTdk+LlYJtOlYt9v6dvszD2BGRqBL+iQK9Q==",
      "requires": {
        "fs.realpath": "^1.0.0",
        "inflight": "^1.0.4",
        "inherits": "2",
        "minimatch": "^3.1.1",
        "once": "^1.3.0",
        "path-is-absolute": "^1.0.0"
      }
    },
    "ieee754": {
      "version": "1.1.13",
      "resolved": "https://registry.npmjs.org/ieee754/-/ieee754-1.1.13.tgz",
      "integrity": "sha512-4vf7I2LYV/HaWerSo3XmlMkp5eZ83i+/CDluXi/IGTs/O1sejBNhTtnxzmRZfvOUqj7lZjqHkeTvpgSFDlWZTg=="
    },
    "inflight": {
      "version": "1.0.6",
      "resolved": "https://registry.npmjs.org/inflight/-/inflight-1.0.6.tgz",
      "integrity": "sha512-k92I/b08q4wvFscXCLvqfsHCrjrF7yiXsQuIVvVE7N82W3+aqpzuUdBbfhWcy/FZR3/4IgflMgKLOsvPDrGCJA==",
      "requires": {
        "once": "^1.3.0",
        "wrappy": "1"
      }
    },
    "inherits": {
      "version": "2.0.4",
      "resolved": "https://registry.npmjs.org/inherits/-/inherits-2.0.4.tgz",
      "integrity": "sha512-k/vGaX4/Yla3WzyMCvTQOXYeIHvqOKtnqBduzTHpzpQZzAskKMhZ2K+EnBiSM9zGSoIFeMpXKxa4dYeZIQqewQ=="
    },
    "isarray": {
      "version": "1.0.0",
      "resolved": "https://registry.npmjs.org/isarray/-/isarray-1.0.0.tgz",
      "integrity": "sha1-u5NdSFgsuhaMBoNJV6VKPgcSTxE="
    },
    "jmespath": {
      "version": "0.16.0",
      "resolved": "https://registry.npmjs.org/jmespath/-/jmespath-0.16.0.tgz",
      "integrity": "sha512-9FzQjJ7MATs1tSpnco1K6ayiYE3figslrXA72G2HQ/n76RzvYlofyi5QM+iX4YRs/pu3yzxlVQSST23+dMDknw=="
    },
    "jssha": {
      "version": "3.3.0",
      "resolved": "https://registry.npmjs.org/jssha/-/jssha-3.3.0.tgz",
      "integrity": "sha512-w9OtT4ALL+fbbwG3gw7erAO0jvS5nfvrukGPMWIAoea359B26ALXGpzy4YJSp9yGnpUvuvOw1nSjSoHDfWSr1w=="
    },
    "minimatch": {
      "version": "3.1.2",
      "resolved": "https://registry.npmjs.org/minimatch/-/minimatch-3.1.2.tgz",
      "integrity": "sha512-J7p63hRiAjw1NDEww1W7i37+ByIrOWO5XQQAzZ3VOcL0PNybwpfmV/N05zFAzwQ9USyEcX6t3UO+K5aqBQOIHw==",
      "requires": {
        "brace-expansion": "^1.1.7"
      }
    },
    "mkdirp": {
      "version": "1.0.4",
      "resolved": "https://registry.npmjs.org/mkdirp/-/mkdirp-1.0.4.tgz",
      "integrity": "sha512-vVqVZQyf3WLx2Shd0qJ9xuvqgAyKPLAiqITEtqW0oIUjzo3PePDd6fW9iFz30ef7Ysp/oiWqbhszeGWW2T6Gzw==",
      "dev": true
    },
    "notp": {
      "version": "2.0.3",
      "resolved": "https://registry.npmjs.org/notp/-/notp-2.0.3.tgz",
      "integrity": "sha512-oBig/2uqkjQ5AkBuw4QJYwkEWa/q+zHxI5/I5z6IeP2NT0alpJFsP/trrfCC+9xOAgQSZXssNi962kp5KBmypQ=="
    },
    "once": {
      "version": "1.4.0",
      "resolved": "https://registry.npmjs.org/once/-/once-1.4.0.tgz",
      "integrity": "sha512-lNaJgI+2Q5URQBkccEKHTQOPaXdUxnZZElQTZY0MFUAuaEqe1E+Nyvgdz/aIyNi6Z9MzO5dv1H8n58/GELp3+w==",
      "requires": {
        "wrappy": "1"
      }
    },
    "otpauth": {
      "version": "9.0.2",
      "resolved": "https://registry.npmjs.org/otpauth/-/otpauth-9.0.2.tgz",
      "integrity": "sha512-0TzpkJYg24VvIK3/K91HKpTtMlwm73UoThhcGY8fZsXcwHDrqf008rfdOjj3NnQuyuT11+vHyyO//qRzi6OZ9A==",
      "requires": {
        "jssha": "~3.3.0"
      }
    },
    "package": {
      "version": "1.0.1",
      "resolved": "https://registry.npmjs.org/package/-/package-1.0.1.tgz",
      "integrity": "sha1-0lofmeJQbcsn1nBLg9yooxLk7cw="
    },
    "path-is-absolute": {
      "version": "1.0.1",
      "resolved": "https://registry.npmjs.org/path-is-absolute/-/path-is-absolute-1.0.1.tgz",
      "integrity": "sha512-AVbw3UJ2e9bq64vSaS9Am0fje1Pa8pbGqTTsmXfaIiMpnr5DlDhfJOuLj9Sf95ZPVDAUerDfEk88MPmPe7UCQg=="
    },
    "playwright": {
      "version": "1.22.1",
      "resolved": "https://registry.npmjs.org/playwright/-/playwright-1.22.1.tgz",
      "integrity": "sha512-pn4dvphQdL3zTgI+xfqkTL3HK1xbtQz+zjJxzyhwKLDxMNuAH7/NCm75auWbYLyssdnvApznujwrQuJvqXTKUw==",
      "dev": true,
      "requires": {
        "playwright-core": "1.22.1"
      }
    },
    "playwright-core": {
      "version": "1.22.1",
      "resolved": "https://registry.npmjs.org/playwright-core/-/playwright-core-1.22.1.tgz",
      "integrity": "sha512-H+ZUVYnceWNXrRf3oxTEKAr81QzFsCKu5Fp//fEjQvqgKkfA1iX3E9DBrPJpPNOrgVzcE+IqeI0fDmYJe6Ynnw==",
      "dev": true
    },
    "playwright-tesults-reporter": {
      "version": "1.0.0",
      "resolved": "https://registry.npmjs.org/playwright-tesults-reporter/-/playwright-tesults-reporter-1.0.0.tgz",
      "integrity": "sha512-jtJPjtuXniR6vkk9ZqLLHE+Skj/4s03VmPHYNEpT6HnWWD7Hwd3ZQ8J5d4/3sqOwfwBANyOvxAYpz0TSTJuC8g==",
      "requires": {
        "tesults": "^1.1.3"
      }
    },
    "properties": {
      "version": "1.2.1",
      "resolved": "https://registry.npmjs.org/properties/-/properties-1.2.1.tgz",
      "integrity": "sha1-Dul6f8AgsaKlW4ZZ7aSqjYaQlL0=",
      "dev": true
    },
    "punycode": {
      "version": "1.3.2",
      "resolved": "https://registry.npmjs.org/punycode/-/punycode-1.3.2.tgz",
      "integrity": "sha1-llOgNvt8HuQjQvIyXM7v6jkmxI0="
    },
    "qrcode-terminal": {
      "version": "0.12.0",
      "resolved": "https://registry.npmjs.org/qrcode-terminal/-/qrcode-terminal-0.12.0.tgz",
      "integrity": "sha512-EXtzRZmC+YGmGlDFbXKxQiMZNwCLEO6BANKXG4iCtSIM0yqc/pappSx3RIKr4r0uh5JsBckOXeKrB3Iz7mdQpQ=="
    },
    "querystring": {
      "version": "0.2.0",
      "resolved": "https://registry.npmjs.org/querystring/-/querystring-0.2.0.tgz",
      "integrity": "sha1-sgmEkgO7Jd+CDadW50cAWHhSFiA="
    },
    "sax": {
      "version": "1.2.1",
      "resolved": "https://registry.npmjs.org/sax/-/sax-1.2.1.tgz",
      "integrity": "sha1-e45lYZCyKOgaZq6nSEgNgozS03o="
    },
    "tesults": {
      "version": "1.1.3",
      "resolved": "https://registry.npmjs.org/tesults/-/tesults-1.1.3.tgz",
      "integrity": "sha512-BU7vQUHSzeD3HJoEqEBikfQOGrRoAwPTqHAKiRZX3ZwBkPDo5l0eKzRTaigQszMEitAhZ1SuRpwqIMpd74D+zg==",
      "requires": {
        "aws-sdk": "^2.41.0"
      }
    },
    "thirty-two": {
      "version": "0.0.2",
      "resolved": "https://registry.npmjs.org/thirty-two/-/thirty-two-0.0.2.tgz",
      "integrity": "sha512-0j1A9eqbP8dSEtkqqEJGpYFN2lPgQR1d0qKS2KNAmIxkK6gV37D5hRa5b/mYzVL1fyAVWBkeUDIXybZdCLVBzA=="
    },
    "url": {
      "version": "0.10.3",
      "resolved": "https://registry.npmjs.org/url/-/url-0.10.3.tgz",
      "integrity": "sha1-Ah5NnHcF8hu/N9A861h2dAJ3TGQ=",
      "requires": {
        "punycode": "1.3.2",
        "querystring": "0.2.0"
      }
    },
    "uuid": {
      "version": "9.0.0",
      "resolved": "https://registry.npmjs.org/uuid/-/uuid-9.0.0.tgz",
      "integrity": "sha512-MXcSTerfPa4uqyzStbRoTgt5XIe3x5+42+q1sDuy3R5MDk66URdLMOZe5aPX/SQd+kuYAh0FdP/pO28IkQyTeg=="
    },
    "wrappy": {
      "version": "1.0.2",
      "resolved": "https://registry.npmjs.org/wrappy/-/wrappy-1.0.2.tgz",
      "integrity": "sha512-l4Sp/DRseor9wL6EvV2+TuQn63dMkPjZ/sp9XkghTEbV9KlPS1xUsZ3u7/IQO4wxtcFB4bgpQPRcR3QCvezPcQ=="
    },
    "xml2js": {
      "version": "0.4.19",
      "resolved": "https://registry.npmjs.org/xml2js/-/xml2js-0.4.19.tgz",
      "integrity": "sha512-esZnJZJOiJR9wWKMyuvSE1y6Dq5LCuJanqhxslH2bxM6duahNZ+HMpCLhBQGZkbX6xRf8x1Y2eJlgt2q3qo49Q==",
      "requires": {
        "sax": ">=0.6.0",
        "xmlbuilder": "~9.0.1"
      }
    },
    "xmlbuilder": {
      "version": "9.0.7",
      "resolved": "https://registry.npmjs.org/xmlbuilder/-/xmlbuilder-9.0.7.tgz",
      "integrity": "sha1-Ey7mPS7FVlxVfiD0wi35rKaGsQ0="
    }
  }
}
